
Microsoft Visual Studio Solution File, Format Version 12.00
# Visual Studio Version 17
VisualStudioVersion = 17.10.34916.146
MinimumVisualStudioVersion = 10.0.40219.1
Project("{FAE04EC0-301F-11D3-BF4B-00C04F79EFBC}") = "QUANLYBANMAYANH_NHOM24", "QUANLYBANMAYANH_NHOM24\QUANLYBANMAYANH_NHOM24.csproj", "{720C6509-385E-4B59-BE9B-9BA53B85D49D}"
EndProject
Global
	GlobalSection(SolutionConfigurationPlatforms) = preSolution
		Debug|Any CPU = Debug|Any CPU
		Release|Any CPU = Release|Any CPU
	EndGlobalSection
	GlobalSection(ProjectConfigurationPlatforms) = postSolution
		{720C6509-385E-4B59-BE9B-9BA53B85D49D}.Debug|Any CPU.ActiveCfg = Debug|Any CPU
		{720C6509-385E-4B59-BE9B-9BA53B85D49D}.Debug|Any CPU.Build.0 = Debug|Any CPU
		{720C6509-385E-4B59-BE9B-9BA53B85D49D}.Release|Any CPU.ActiveCfg = Release|Any CPU
		{720C6509-385E-4B59-BE9B-9BA53B85D49D}.Release|Any CPU.Build.0 = Release|Any CPU
	EndGlobalSection
	GlobalSection(SolutionProperties) = preSolution
		HideSolutionNode = FALSE
	EndGlobalSection
	GlobalSection(ExtensibilityGlobals) = postSolution
		SolutionGuid = {DD88BA9C-B789-464B-A4BE-F76BFA1682AC}
	EndGlobalSection
EndGlobal
